
Microsoft Visual Studio Solution File, Format Version 12.00
# Visual Studio Version 17
VisualStudioVersion = 17.3.32922.545
MinimumVisualStudioVersion = 10.0.40219.1
Project("{FAE04EC0-301F-11D3-BF4B-00C04F79EFBC}") = "FunctionApp1ImageReziser", "FunctionApp1ImageReziser\FunctionApp1ImageReziser.csproj", "{FCA82063-C644-4725-BD14-6741E400B834}"
EndProject
Global
	GlobalSection(SolutionConfigurationPlatforms) = preSolution
		Debug|Any CPU = Debug|Any CPU
		Release|Any CPU = Release|Any CPU
	EndGlobalSection
	GlobalSection(ProjectConfigurationPlatforms) = postSolution
		{FCA82063-C644-4725-BD14-6741E400B834}.Debug|Any CPU.ActiveCfg = Debug|Any CPU
		{FCA82063-C644-4725-BD14-6741E400B834}.Debug|Any CPU.Build.0 = Debug|Any CPU
		{FCA82063-C644-4725-BD14-6741E400B834}.Release|Any CPU.ActiveCfg = Release|Any CPU
		{FCA82063-C644-4725-BD14-6741E400B834}.Release|Any CPU.Build.0 = Release|Any CPU
	EndGlobalSection
	GlobalSection(SolutionProperties) = preSolution
		HideSolutionNode = FALSE
	EndGlobalSection
	GlobalSection(ExtensibilityGlobals) = postSolution
		SolutionGuid = {D78B7044-8861-42E2-9D2B-30D9F6DE0143}
	EndGlobalSection
EndGlobal
